// !$*UTF8*$!
{
	archiveVersion = 1;
	classes = {
	};
	objectVersion = 56;
	objects = {

/* Begin PBXBuildFile section */
		9810ABCE2AD4E9B700EDF66E /* APIEnvironment.swift in Sources */ = {isa = PBXBuildFile; fileRef = 9810ABCD2AD4E9B700EDF66E /* APIEnvironment.swift */; };
		9810ABD42AD4EE6B00EDF66E /* Color.swift in Sources */ = {isa = PBXBuildFile; fileRef = 9810ABD32AD4EE6B00EDF66E /* Color.swift */; };
		9810ABD62AD4F3C300EDF66E /* TabBarController.swift in Sources */ = {isa = PBXBuildFile; fileRef = 9810ABD52AD4F3C300EDF66E /* TabBarController.swift */; };
		984B39F12AE79FC100293DCB /* RecipeCell.swift in Sources */ = {isa = PBXBuildFile; fileRef = 984B39F02AE79FC100293DCB /* RecipeCell.swift */; };
		984B39F32AE7A09A00293DCB /* RecipeHeader.swift in Sources */ = {isa = PBXBuildFile; fileRef = 984B39F22AE7A09A00293DCB /* RecipeHeader.swift */; };
		984B39FB2AE8BCEF00293DCB /* RecipeViewController.swift in Sources */ = {isa = PBXBuildFile; fileRef = 984B39FA2AE8BCEF00293DCB /* RecipeViewController.swift */; };
		984B39FD2AE8BFA900293DCB /* StretchyHeaderView.swift in Sources */ = {isa = PBXBuildFile; fileRef = 984B39FC2AE8BFA900293DCB /* StretchyHeaderView.swift */; };
		987A94D12ADA4DF000F163E1 /* Font.swift in Sources */ = {isa = PBXBuildFile; fileRef = 987A94D02ADA4DF000F163E1 /* Font.swift */; };
		987A94D42ADA523600F163E1 /* FoodListModel.swift in Sources */ = {isa = PBXBuildFile; fileRef = 987A94D32ADA523600F163E1 /* FoodListModel.swift */; };
		987A94D82ADAE2F700F163E1 /* FoodListCellViewModel.swift in Sources */ = {isa = PBXBuildFile; fileRef = 987A94D72ADAE2F700F163E1 /* FoodListCellViewModel.swift */; };
		98A500002AD2861E0022AEC0 /* Assets.xcassets in Resources */ = {isa = PBXBuildFile; fileRef = 98A5FFFF2AD2861E0022AEC0 /* Assets.xcassets */; };
		98A500032AD2861E0022AEC0 /* LaunchScreen.storyboard in Resources */ = {isa = PBXBuildFile; fileRef = 98A500012AD2861E0022AEC0 /* LaunchScreen.storyboard */; };
		98A5000F2AD286AB0022AEC0 /* FoodName.swift in Sources */ = {isa = PBXBuildFile; fileRef = 98A5000E2AD286AB0022AEC0 /* FoodName.swift */; };
		98A500112AD286B00022AEC0 /* FoodListViewModel.swift in Sources */ = {isa = PBXBuildFile; fileRef = 98A500102AD286B00022AEC0 /* FoodListViewModel.swift */; };
		98A5001F2AD2A2DE0022AEC0 /* NetworkManager.swift in Sources */ = {isa = PBXBuildFile; fileRef = 98A5001E2AD2A2DE0022AEC0 /* NetworkManager.swift */; };
		98A5FFF72AD2861C0022AEC0 /* AppDelegate.swift in Sources */ = {isa = PBXBuildFile; fileRef = 98A5FFF62AD2861C0022AEC0 /* AppDelegate.swift */; };
		98A5FFF92AD2861C0022AEC0 /* SceneDelegate.swift in Sources */ = {isa = PBXBuildFile; fileRef = 98A5FFF82AD2861C0022AEC0 /* SceneDelegate.swift */; };
		98A5FFFB2AD2861C0022AEC0 /* FoodListViewController.swift in Sources */ = {isa = PBXBuildFile; fileRef = 98A5FFFA2AD2861C0022AEC0 /* FoodListViewController.swift */; };
		98B94BAC2AEF98F300DA21A4 /* GoogleService-Info.plist in Resources */ = {isa = PBXBuildFile; fileRef = 98B94BAB2AEF98F300DA21A4 /* GoogleService-Info.plist */; };
		98B94BAF2AEF994A00DA21A4 /* FirebaseAnalytics in Frameworks */ = {isa = PBXBuildFile; productRef = 98B94BAE2AEF994A00DA21A4 /* FirebaseAnalytics */; };
		98B94BB12AEF994A00DA21A4 /* FirebaseAnalyticsOnDeviceConversion in Frameworks */ = {isa = PBXBuildFile; productRef = 98B94BB02AEF994A00DA21A4 /* FirebaseAnalyticsOnDeviceConversion */; };
		98B94BB32AEF994A00DA21A4 /* FirebaseAnalyticsSwift in Frameworks */ = {isa = PBXBuildFile; productRef = 98B94BB22AEF994A00DA21A4 /* FirebaseAnalyticsSwift */; };
		98B94BB52AEF994A00DA21A4 /* FirebaseAnalyticsWithoutAdIdSupport in Frameworks */ = {isa = PBXBuildFile; productRef = 98B94BB42AEF994A00DA21A4 /* FirebaseAnalyticsWithoutAdIdSupport */; };
		98B94BB72AEF994A00DA21A4 /* FirebaseAppCheck in Frameworks */ = {isa = PBXBuildFile; productRef = 98B94BB62AEF994A00DA21A4 /* FirebaseAppCheck */; };
		98B94BC82AF0E1A400DA21A4 /* Lottie in Frameworks */ = {isa = PBXBuildFile; productRef = 98B94BC72AF0E1A400DA21A4 /* Lottie */; };
		98B94BCA2AF0E22600DA21A4 /* foodLottie.json in Resources */ = {isa = PBXBuildFile; fileRef = 98B94BC92AF0E22600DA21A4 /* foodLottie.json */; };
		98B94BCC2AF0E2D900DA21A4 /* SplashViewController.swift in Sources */ = {isa = PBXBuildFile; fileRef = 98B94BCB2AF0E2D900DA21A4 /* SplashViewController.swift */; };
		98BC3F682AEBA5F200447833 /* SwiftSoup in Frameworks */ = {isa = PBXBuildFile; productRef = 98BC3F672AEBA5F200447833 /* SwiftSoup */; };
		98CBD7302AFCFE0E008F0102 /* UIViewController+Extension.swift in Sources */ = {isa = PBXBuildFile; fileRef = 98CBD72F2AFCFE0E008F0102 /* UIViewController+Extension.swift */; };
		98CBD73A2AFFAB3D008F0102 /* ImageCacheManager.swift in Sources */ = {isa = PBXBuildFile; fileRef = 98CBD7392AFFAB3D008F0102 /* ImageCacheManager.swift */; };
		98CBD73E2B00A8AC008F0102 /* UIImage+Extension.swift in Sources */ = {isa = PBXBuildFile; fileRef = 98CBD73D2B00A8AC008F0102 /* UIImage+Extension.swift */; };
		98D3101E2AE53290004A0D8D /* NetworkError.swift in Sources */ = {isa = PBXBuildFile; fileRef = 98D3101D2AE53290004A0D8D /* NetworkError.swift */; };
		98E7274D2AD63DBB007A9CE5 /* FoodListCell.swift in Sources */ = {isa = PBXBuildFile; fileRef = 98E7274C2AD63DBB007A9CE5 /* FoodListCell.swift */; };
		98E727502AD6558B007A9CE5 /* UIFont+extension.swift in Sources */ = {isa = PBXBuildFile; fileRef = 98E7274F2AD6558B007A9CE5 /* UIFont+extension.swift */; };
		D172024D5DF8859ECCBC76BB /* Pods_PleaseRecipe.framework in Frameworks */ = {isa = PBXBuildFile; fileRef = 9F571E00253A838CCE497CCD /* Pods_PleaseRecipe.framework */; };
/* End PBXBuildFile section */

/* Begin PBXCopyFilesBuildPhase section */
		98BC3F6F2AEBA61500447833 /* Embed Frameworks */ = {
			isa = PBXCopyFilesBuildPhase;
			buildActionMask = 2147483647;
			dstPath = "";
			dstSubfolderSpec = 10;
			files = (
			);
			name = "Embed Frameworks";
			runOnlyForDeploymentPostprocessing = 0;
		};
/* End PBXCopyFilesBuildPhase section */

/* Begin PBXFileReference section */
		434D553FF508FC209A4FDF82 /* Pods-PleaseRecipe.release.xcconfig */ = {isa = PBXFileReference; includeInIndex = 1; lastKnownFileType = text.xcconfig; name = "Pods-PleaseRecipe.release.xcconfig"; path = "Target Support Files/Pods-PleaseRecipe/Pods-PleaseRecipe.release.xcconfig"; sourceTree = "<group>"; };
		9810ABCD2AD4E9B700EDF66E /* APIEnvironment.swift */ = {isa = PBXFileReference; lastKnownFileType = sourcecode.swift; path = APIEnvironment.swift; sourceTree = "<group>"; };
		9810ABD32AD4EE6B00EDF66E /* Color.swift */ = {isa = PBXFileReference; lastKnownFileType = sourcecode.swift; path = Color.swift; sourceTree = "<group>"; };
		9810ABD52AD4F3C300EDF66E /* TabBarController.swift */ = {isa = PBXFileReference; lastKnownFileType = sourcecode.swift; path = TabBarController.swift; sourceTree = "<group>"; };
		984B39F02AE79FC100293DCB /* RecipeCell.swift */ = {isa = PBXFileReference; lastKnownFileType = sourcecode.swift; path = RecipeCell.swift; sourceTree = "<group>"; };
		984B39F22AE7A09A00293DCB /* RecipeHeader.swift */ = {isa = PBXFileReference; lastKnownFileType = sourcecode.swift; path = RecipeHeader.swift; sourceTree = "<group>"; };
		984B39FA2AE8BCEF00293DCB /* RecipeViewController.swift */ = {isa = PBXFileReference; lastKnownFileType = sourcecode.swift; path = RecipeViewController.swift; sourceTree = "<group>"; };
		984B39FC2AE8BFA900293DCB /* StretchyHeaderView.swift */ = {isa = PBXFileReference; lastKnownFileType = sourcecode.swift; path = StretchyHeaderView.swift; sourceTree = "<group>"; };
		987A94D02ADA4DF000F163E1 /* Font.swift */ = {isa = PBXFileReference; lastKnownFileType = sourcecode.swift; path = Font.swift; sourceTree = "<group>"; };
		987A94D32ADA523600F163E1 /* FoodListModel.swift */ = {isa = PBXFileReference; lastKnownFileType = sourcecode.swift; path = FoodListModel.swift; sourceTree = "<group>"; };
		987A94D72ADAE2F700F163E1 /* FoodListCellViewModel.swift */ = {isa = PBXFileReference; lastKnownFileType = sourcecode.swift; path = FoodListCellViewModel.swift; sourceTree = "<group>"; };
		98A500022AD2861E0022AEC0 /* Base */ = {isa = PBXFileReference; lastKnownFileType = file.storyboard; name = Base; path = Base.lproj/LaunchScreen.storyboard; sourceTree = "<group>"; };
		98A500042AD2861E0022AEC0 /* Info.plist */ = {isa = PBXFileReference; lastKnownFileType = text.plist.xml; path = Info.plist; sourceTree = "<group>"; };
		98A5000E2AD286AB0022AEC0 /* FoodName.swift */ = {isa = PBXFileReference; lastKnownFileType = sourcecode.swift; path = FoodName.swift; sourceTree = "<group>"; };
		98A500102AD286B00022AEC0 /* FoodListViewModel.swift */ = {isa = PBXFileReference; lastKnownFileType = sourcecode.swift; path = FoodListViewModel.swift; sourceTree = "<group>"; };
		98A5001E2AD2A2DE0022AEC0 /* NetworkManager.swift */ = {isa = PBXFileReference; lastKnownFileType = sourcecode.swift; path = NetworkManager.swift; sourceTree = "<group>"; };
		98A5FFF32AD2861C0022AEC0 /* PleaseRecipe.app */ = {isa = PBXFileReference; explicitFileType = wrapper.application; includeInIndex = 0; path = PleaseRecipe.app; sourceTree = BUILT_PRODUCTS_DIR; };
		98A5FFF62AD2861C0022AEC0 /* AppDelegate.swift */ = {isa = PBXFileReference; lastKnownFileType = sourcecode.swift; path = AppDelegate.swift; sourceTree = "<group>"; };
		98A5FFF82AD2861C0022AEC0 /* SceneDelegate.swift */ = {isa = PBXFileReference; lastKnownFileType = sourcecode.swift; path = SceneDelegate.swift; sourceTree = "<group>"; };
		98A5FFFA2AD2861C0022AEC0 /* FoodListViewController.swift */ = {isa = PBXFileReference; lastKnownFileType = sourcecode.swift; path = FoodListViewController.swift; sourceTree = "<group>"; };
		98A5FFFF2AD2861E0022AEC0 /* Assets.xcassets */ = {isa = PBXFileReference; lastKnownFileType = folder.assetcatalog; path = Assets.xcassets; sourceTree = "<group>"; };
		98B94BAB2AEF98F300DA21A4 /* GoogleService-Info.plist */ = {isa = PBXFileReference; fileEncoding = 4; lastKnownFileType = text.plist.xml; path = "GoogleService-Info.plist"; sourceTree = "<group>"; };
		98B94BC92AF0E22600DA21A4 /* foodLottie.json */ = {isa = PBXFileReference; fileEncoding = 4; lastKnownFileType = text.json; name = foodLottie.json; path = ../../../../../Downloads/foodLottie.json; sourceTree = "<group>"; };
		98B94BCB2AF0E2D900DA21A4 /* SplashViewController.swift */ = {isa = PBXFileReference; lastKnownFileType = sourcecode.swift; path = SplashViewController.swift; sourceTree = "<group>"; };
		98CBD72F2AFCFE0E008F0102 /* UIViewController+Extension.swift */ = {isa = PBXFileReference; lastKnownFileType = sourcecode.swift; path = "UIViewController+Extension.swift"; sourceTree = "<group>"; };
		98CBD7392AFFAB3D008F0102 /* ImageCacheManager.swift */ = {isa = PBXFileReference; lastKnownFileType = sourcecode.swift; path = ImageCacheManager.swift; sourceTree = "<group>"; };
		98CBD73D2B00A8AC008F0102 /* UIImage+Extension.swift */ = {isa = PBXFileReference; lastKnownFileType = sourcecode.swift; path = "UIImage+Extension.swift"; sourceTree = "<group>"; };
		98D3101D2AE53290004A0D8D /* NetworkError.swift */ = {isa = PBXFileReference; lastKnownFileType = sourcecode.swift; path = NetworkError.swift; sourceTree = "<group>"; };
		98E7274C2AD63DBB007A9CE5 /* FoodListCell.swift */ = {isa = PBXFileReference; lastKnownFileType = sourcecode.swift; path = FoodListCell.swift; sourceTree = "<group>"; };
		98E7274F2AD6558B007A9CE5 /* UIFont+extension.swift */ = {isa = PBXFileReference; lastKnownFileType = sourcecode.swift; path = "UIFont+extension.swift"; sourceTree = "<group>"; };
		98EADD242AF2BDE5005006AD /* PleaseRecipe.entitlements */ = {isa = PBXFileReference; lastKnownFileType = text.plist.entitlements; path = PleaseRecipe.entitlements; sourceTree = "<group>"; };
		9F571E00253A838CCE497CCD /* Pods_PleaseRecipe.framework */ = {isa = PBXFileReference; explicitFileType = wrapper.framework; includeInIndex = 0; path = Pods_PleaseRecipe.framework; sourceTree = BUILT_PRODUCTS_DIR; };
		B75DAFC64B40ACB77418772E /* Pods-PleaseRecipe.debug.xcconfig */ = {isa = PBXFileReference; includeInIndex = 1; lastKnownFileType = text.xcconfig; name = "Pods-PleaseRecipe.debug.xcconfig"; path = "Target Support Files/Pods-PleaseRecipe/Pods-PleaseRecipe.debug.xcconfig"; sourceTree = "<group>"; };
/* End PBXFileReference section */

/* Begin PBXFrameworksBuildPhase section */
		98A5FFF02AD2861C0022AEC0 /* Frameworks */ = {
			isa = PBXFrameworksBuildPhase;
			buildActionMask = 2147483647;
			files = (
				98BC3F682AEBA5F200447833 /* SwiftSoup in Frameworks */,
				98B94BB52AEF994A00DA21A4 /* FirebaseAnalyticsWithoutAdIdSupport in Frameworks */,
				D172024D5DF8859ECCBC76BB /* Pods_PleaseRecipe.framework in Frameworks */,
				98B94BAF2AEF994A00DA21A4 /* FirebaseAnalytics in Frameworks */,
				98B94BB72AEF994A00DA21A4 /* FirebaseAppCheck in Frameworks */,
				98B94BB12AEF994A00DA21A4 /* FirebaseAnalyticsOnDeviceConversion in Frameworks */,
				98B94BB32AEF994A00DA21A4 /* FirebaseAnalyticsSwift in Frameworks */,
				98B94BC82AF0E1A400DA21A4 /* Lottie in Frameworks */,
			);
			runOnlyForDeploymentPostprocessing = 0;
		};
/* End PBXFrameworksBuildPhase section */

/* Begin PBXGroup section */
		9810ABD22AD4EE5100EDF66E /* Constants */ = {
			isa = PBXGroup;
			children = (
				9810ABD32AD4EE6B00EDF66E /* Color.swift */,
			);
			path = Constants;
			sourceTree = "<group>";
		};
		9810ABD72AD4F69A00EDF66E /* APIServices */ = {
			isa = PBXGroup;
			children = (
				9810ABCD2AD4E9B700EDF66E /* APIEnvironment.swift */,
				98A5001E2AD2A2DE0022AEC0 /* NetworkManager.swift */,
			);
			path = APIServices;
			sourceTree = "<group>";
		};
		987A94CE2ADA4DA700F163E1 /* Resources */ = {
			isa = PBXGroup;
			children = (
				98A5FFFF2AD2861E0022AEC0 /* Assets.xcassets */,
				98B94BC92AF0E22600DA21A4 /* foodLottie.json */,
				987A94CF2ADA4DE600F163E1 /* Fonts */,
				9810ABD22AD4EE5100EDF66E /* Constants */,
			);
			path = Resources;
			sourceTree = "<group>";
		};
		987A94CF2ADA4DE600F163E1 /* Fonts */ = {
			isa = PBXGroup;
			children = (
				987A94D02ADA4DF000F163E1 /* Font.swift */,
			);
			path = Fonts;
			sourceTree = "<group>";
		};
		987A94D52ADA579500F163E1 /* UI */ = {
			isa = PBXGroup;
			children = (
				98A5000D2AD2868E0022AEC0 /* Controllers */,
				98A5000A2AD286700022AEC0 /* Views */,
			);
			path = UI;
			sourceTree = "<group>";
		};
		98A5000A2AD286700022AEC0 /* Views */ = {
			isa = PBXGroup;
			children = (
				984B39FC2AE8BFA900293DCB /* StretchyHeaderView.swift */,
				98E7274B2AD63DA9007A9CE5 /* Cells */,
			);
			path = Views;
			sourceTree = "<group>";
		};
		98A5000B2AD2867A0022AEC0 /* Models */ = {
			isa = PBXGroup;
			children = (
				98A5000E2AD286AB0022AEC0 /* FoodName.swift */,
				987A94D32ADA523600F163E1 /* FoodListModel.swift */,
				98D3101D2AE53290004A0D8D /* NetworkError.swift */,
				98CBD7392AFFAB3D008F0102 /* ImageCacheManager.swift */,
				9810ABD72AD4F69A00EDF66E /* APIServices */,
			);
			path = Models;
			sourceTree = "<group>";
		};
		98A5000C2AD286840022AEC0 /* ViewModels */ = {
			isa = PBXGroup;
			children = (
				98A500102AD286B00022AEC0 /* FoodListViewModel.swift */,
				987A94D72ADAE2F700F163E1 /* FoodListCellViewModel.swift */,
			);
			path = ViewModels;
			sourceTree = "<group>";
		};
		98A5000D2AD2868E0022AEC0 /* Controllers */ = {
			isa = PBXGroup;
			children = (
				98A5FFFA2AD2861C0022AEC0 /* FoodListViewController.swift */,
				98B94BCB2AF0E2D900DA21A4 /* SplashViewController.swift */,
				9810ABD52AD4F3C300EDF66E /* TabBarController.swift */,
				984B39FA2AE8BCEF00293DCB /* RecipeViewController.swift */,
			);
			path = Controllers;
			sourceTree = "<group>";
		};
		98A5FFEA2AD2861C0022AEC0 = {
			isa = PBXGroup;
			children = (
				98A5FFF52AD2861C0022AEC0 /* PleaseRecipe */,
				98A5FFF42AD2861C0022AEC0 /* Products */,
				98BC3F702AEBA64100447833 /* Frameworks */,
				A3CB5142DB3EEEE744406F99 /* Pods */,
			);
			sourceTree = "<group>";
		};
		98A5FFF42AD2861C0022AEC0 /* Products */ = {
			isa = PBXGroup;
			children = (
				98A5FFF32AD2861C0022AEC0 /* PleaseRecipe.app */,
			);
			name = Products;
			sourceTree = "<group>";
		};
		98A5FFF52AD2861C0022AEC0 /* PleaseRecipe */ = {
			isa = PBXGroup;
			children = (
				98EADD242AF2BDE5005006AD /* PleaseRecipe.entitlements */,
				98A5FFF62AD2861C0022AEC0 /* AppDelegate.swift */,
				98A5FFF82AD2861C0022AEC0 /* SceneDelegate.swift */,
				987A94CE2ADA4DA700F163E1 /* Resources */,
				98E7274E2AD6557C007A9CE5 /* Extensions */,
				987A94D52ADA579500F163E1 /* UI */,
				98A5000B2AD2867A0022AEC0 /* Models */,
				98A5000C2AD286840022AEC0 /* ViewModels */,
				98A500012AD2861E0022AEC0 /* LaunchScreen.storyboard */,
				98A500042AD2861E0022AEC0 /* Info.plist */,
				98B94BAB2AEF98F300DA21A4 /* GoogleService-Info.plist */,
			);
			path = PleaseRecipe;
			sourceTree = "<group>";
		};
		98BC3F702AEBA64100447833 /* Frameworks */ = {
			isa = PBXGroup;
			children = (
				9F571E00253A838CCE497CCD /* Pods_PleaseRecipe.framework */,
			);
			name = Frameworks;
			sourceTree = "<group>";
		};
		98E7274B2AD63DA9007A9CE5 /* Cells */ = {
			isa = PBXGroup;
			children = (
				98E7274C2AD63DBB007A9CE5 /* FoodListCell.swift */,
				984B39F22AE7A09A00293DCB /* RecipeHeader.swift */,
				984B39F02AE79FC100293DCB /* RecipeCell.swift */,
			);
			path = Cells;
			sourceTree = "<group>";
		};
		98E7274E2AD6557C007A9CE5 /* Extensions */ = {
			isa = PBXGroup;
			children = (
				98E7274F2AD6558B007A9CE5 /* UIFont+extension.swift */,
				98CBD72F2AFCFE0E008F0102 /* UIViewController+Extension.swift */,
				98CBD73D2B00A8AC008F0102 /* UIImage+Extension.swift */,
			);
			path = Extensions;
			sourceTree = "<group>";
		};
		A3CB5142DB3EEEE744406F99 /* Pods */ = {
			isa = PBXGroup;
			children = (
				B75DAFC64B40ACB77418772E /* Pods-PleaseRecipe.debug.xcconfig */,
				434D553FF508FC209A4FDF82 /* Pods-PleaseRecipe.release.xcconfig */,
			);
			path = Pods;
			sourceTree = "<group>";
		};
/* End PBXGroup section */

/* Begin PBXNativeTarget section */
		98A5FFF22AD2861C0022AEC0 /* PleaseRecipe */ = {
			isa = PBXNativeTarget;
			buildConfigurationList = 98A500072AD2861E0022AEC0 /* Build configuration list for PBXNativeTarget "PleaseRecipe" */;
			buildPhases = (
				3CC1B806D5C85C309F31B2B9 /* [CP] Check Pods Manifest.lock */,
				98A5FFEF2AD2861C0022AEC0 /* Sources */,
				98A5FFF02AD2861C0022AEC0 /* Frameworks */,
				98A5FFF12AD2861C0022AEC0 /* Resources */,
				98BC3F6F2AEBA61500447833 /* Embed Frameworks */,
				047D0B7AC1DAFA53AF3187BE /* [CP] Embed Pods Frameworks */,
			);
			buildRules = (
			);
			dependencies = (
			);
			name = PleaseRecipe;
			packageProductDependencies = (
				98BC3F672AEBA5F200447833 /* SwiftSoup */,
				98B94BAE2AEF994A00DA21A4 /* FirebaseAnalytics */,
				98B94BB02AEF994A00DA21A4 /* FirebaseAnalyticsOnDeviceConversion */,
				98B94BB22AEF994A00DA21A4 /* FirebaseAnalyticsSwift */,
				98B94BB42AEF994A00DA21A4 /* FirebaseAnalyticsWithoutAdIdSupport */,
				98B94BB62AEF994A00DA21A4 /* FirebaseAppCheck */,
				98B94BC72AF0E1A400DA21A4 /* Lottie */,
			);
			productName = PleaseRecipe;
			productReference = 98A5FFF32AD2861C0022AEC0 /* PleaseRecipe.app */;
			productType = "com.apple.product-type.application";
		};
/* End PBXNativeTarget section */

/* Begin PBXProject section */
		98A5FFEB2AD2861C0022AEC0 /* Project object */ = {
			isa = PBXProject;
			attributes = {
				BuildIndependentTargetsInParallel = 1;
				LastSwiftUpdateCheck = 1500;
				LastUpgradeCheck = 1500;
				TargetAttributes = {
					98A5FFF22AD2861C0022AEC0 = {
						CreatedOnToolsVersion = 15.0;
					};
				};
			};
			buildConfigurationList = 98A5FFEE2AD2861C0022AEC0 /* Build configuration list for PBXProject "PleaseRecipe" */;
			compatibilityVersion = "Xcode 14.0";
			developmentRegion = en;
			hasScannedForEncodings = 0;
			knownRegions = (
				en,
				Base,
			);
			mainGroup = 98A5FFEA2AD2861C0022AEC0;
			packageReferences = (
				98BC3F662AEBA5F200447833 /* XCRemoteSwiftPackageReference "SwiftSoup" */,
				98B94BAD2AEF994A00DA21A4 /* XCRemoteSwiftPackageReference "firebase-ios-sdk" */,
				98B94BC62AF0E1A400DA21A4 /* XCRemoteSwiftPackageReference "lottie-spm" */,
			);
			productRefGroup = 98A5FFF42AD2861C0022AEC0 /* Products */;
			projectDirPath = "";
			projectRoot = "";
			targets = (
				98A5FFF22AD2861C0022AEC0 /* PleaseRecipe */,
			);
		};
/* End PBXProject section */

/* Begin PBXResourcesBuildPhase section */
		98A5FFF12AD2861C0022AEC0 /* Resources */ = {
			isa = PBXResourcesBuildPhase;
			buildActionMask = 2147483647;
			files = (
				98B94BCA2AF0E22600DA21A4 /* foodLottie.json in Resources */,
				98A500032AD2861E0022AEC0 /* LaunchScreen.storyboard in Resources */,
				98A500002AD2861E0022AEC0 /* Assets.xcassets in Resources */,
				98B94BAC2AEF98F300DA21A4 /* GoogleService-Info.plist in Resources */,
			);
			runOnlyForDeploymentPostprocessing = 0;
		};
/* End PBXResourcesBuildPhase section */

/* Begin PBXShellScriptBuildPhase section */
		047D0B7AC1DAFA53AF3187BE /* [CP] Embed Pods Frameworks */ = {
			isa = PBXShellScriptBuildPhase;
			buildActionMask = 2147483647;
			files = (
			);
			inputFileListPaths = (
				"${PODS_ROOT}/Target Support Files/Pods-PleaseRecipe/Pods-PleaseRecipe-frameworks-${CONFIGURATION}-input-files.xcfilelist",
			);
			name = "[CP] Embed Pods Frameworks";
			outputFileListPaths = (
				"${PODS_ROOT}/Target Support Files/Pods-PleaseRecipe/Pods-PleaseRecipe-frameworks-${CONFIGURATION}-output-files.xcfilelist",
			);
			runOnlyForDeploymentPostprocessing = 0;
			shellPath = /bin/sh;
			shellScript = "\"${PODS_ROOT}/Target Support Files/Pods-PleaseRecipe/Pods-PleaseRecipe-frameworks.sh\"\n";
			showEnvVarsInLog = 0;
		};
		3CC1B806D5C85C309F31B2B9 /* [CP] Check Pods Manifest.lock */ = {
			isa = PBXShellScriptBuildPhase;
			buildActionMask = 2147483647;
			files = (
			);
			inputFileListPaths = (
			);
			inputPaths = (
				"${PODS_PODFILE_DIR_PATH}/Podfile.lock",
				"${PODS_ROOT}/Manifest.lock",
			);
			name = "[CP] Check Pods Manifest.lock";
			outputFileListPaths = (
			);
			outputPaths = (
				"$(DERIVED_FILE_DIR)/Pods-PleaseRecipe-checkManifestLockResult.txt",
			);
			runOnlyForDeploymentPostprocessing = 0;
			shellPath = /bin/sh;
			shellScript = "diff \"${PODS_PODFILE_DIR_PATH}/Podfile.lock\" \"${PODS_ROOT}/Manifest.lock\" > /dev/null\nif [ $? != 0 ] ; then\n    # print error to STDERR\n    echo \"error: The sandbox is not in sync with the Podfile.lock. Run 'pod install' or update your CocoaPods installation.\" >&2\n    exit 1\nfi\n# This output is used by Xcode 'outputs' to avoid re-running this script phase.\necho \"SUCCESS\" > \"${SCRIPT_OUTPUT_FILE_0}\"\n";
			showEnvVarsInLog = 0;
		};
/* End PBXShellScriptBuildPhase section */

/* Begin PBXSourcesBuildPhase section */
		98A5FFEF2AD2861C0022AEC0 /* Sources */ = {
			isa = PBXSourcesBuildPhase;
			buildActionMask = 2147483647;
			files = (
				98CBD73A2AFFAB3D008F0102 /* ImageCacheManager.swift in Sources */,
				98D3101E2AE53290004A0D8D /* NetworkError.swift in Sources */,
				98A500112AD286B00022AEC0 /* FoodListViewModel.swift in Sources */,
				98CBD7302AFCFE0E008F0102 /* UIViewController+Extension.swift in Sources */,
				98E7274D2AD63DBB007A9CE5 /* FoodListCell.swift in Sources */,
				987A94D12ADA4DF000F163E1 /* Font.swift in Sources */,
				987A94D42ADA523600F163E1 /* FoodListModel.swift in Sources */,
				9810ABD62AD4F3C300EDF66E /* TabBarController.swift in Sources */,
				98A5FFFB2AD2861C0022AEC0 /* FoodListViewController.swift in Sources */,
				98CBD73E2B00A8AC008F0102 /* UIImage+Extension.swift in Sources */,
				98E727502AD6558B007A9CE5 /* UIFont+extension.swift in Sources */,
				987A94D82ADAE2F700F163E1 /* FoodListCellViewModel.swift in Sources */,
				98A5001F2AD2A2DE0022AEC0 /* NetworkManager.swift in Sources */,
				98A5FFF72AD2861C0022AEC0 /* AppDelegate.swift in Sources */,
				984B39FD2AE8BFA900293DCB /* StretchyHeaderView.swift in Sources */,
				98B94BCC2AF0E2D900DA21A4 /* SplashViewController.swift in Sources */,
				98A5FFF92AD2861C0022AEC0 /* SceneDelegate.swift in Sources */,
				984B39FB2AE8BCEF00293DCB /* RecipeViewController.swift in Sources */,
				984B39F12AE79FC100293DCB /* RecipeCell.swift in Sources */,
				9810ABCE2AD4E9B700EDF66E /* APIEnvironment.swift in Sources */,
				984B39F32AE7A09A00293DCB /* RecipeHeader.swift in Sources */,
				98A5000F2AD286AB0022AEC0 /* FoodName.swift in Sources */,
				9810ABD42AD4EE6B00EDF66E /* Color.swift in Sources */,
			);
			runOnlyForDeploymentPostprocessing = 0;
		};
/* End PBXSourcesBuildPhase section */

/* Begin PBXVariantGroup section */
		98A500012AD2861E0022AEC0 /* LaunchScreen.storyboard */ = {
			isa = PBXVariantGroup;
			children = (
				98A500022AD2861E0022AEC0 /* Base */,
			);
			name = LaunchScreen.storyboard;
			sourceTree = "<group>";
		};
/* End PBXVariantGroup section */

/* Begin XCBuildConfiguration section */
		98A500052AD2861E0022AEC0 /* Debug */ = {
			isa = XCBuildConfiguration;
			buildSettings = {
				ALWAYS_SEARCH_USER_PATHS = NO;
				ASSETCATALOG_COMPILER_GENERATE_SWIFT_ASSET_SYMBOL_EXTENSIONS = YES;
				CLANG_ANALYZER_NONNULL = YES;
				CLANG_ANALYZER_NUMBER_OBJECT_CONVERSION = YES_AGGRESSIVE;
				CLANG_CXX_LANGUAGE_STANDARD = "gnu++20";
				CLANG_ENABLE_MODULES = YES;
				CLANG_ENABLE_OBJC_ARC = YES;
				CLANG_ENABLE_OBJC_WEAK = YES;
				CLANG_WARN_BLOCK_CAPTURE_AUTORELEASING = YES;
				CLANG_WARN_BOOL_CONVERSION = YES;
				CLANG_WARN_COMMA = YES;
				CLANG_WARN_CONSTANT_CONVERSION = YES;
				CLANG_WARN_DEPRECATED_OBJC_IMPLEMENTATIONS = YES;
				CLANG_WARN_DIRECT_OBJC_ISA_USAGE = YES_ERROR;
				CLANG_WARN_DOCUMENTATION_COMMENTS = YES;
				CLANG_WARN_EMPTY_BODY = YES;
				CLANG_WARN_ENUM_CONVERSION = YES;
				CLANG_WARN_INFINITE_RECURSION = YES;
				CLANG_WARN_INT_CONVERSION = YES;
				CLANG_WARN_NON_LITERAL_NULL_CONVERSION = YES;
				CLANG_WARN_OBJC_IMPLICIT_RETAIN_SELF = YES;
				CLANG_WARN_OBJC_LITERAL_CONVERSION = YES;
				CLANG_WARN_OBJC_ROOT_CLASS = YES_ERROR;
				CLANG_WARN_QUOTED_INCLUDE_IN_FRAMEWORK_HEADER = YES;
				CLANG_WARN_RANGE_LOOP_ANALYSIS = YES;
				CLANG_WARN_STRICT_PROTOTYPES = YES;
				CLANG_WARN_SUSPICIOUS_MOVE = YES;
				CLANG_WARN_UNGUARDED_AVAILABILITY = YES_AGGRESSIVE;
				CLANG_WARN_UNREACHABLE_CODE = YES;
				CLANG_WARN__DUPLICATE_METHOD_MATCH = YES;
				COPY_PHASE_STRIP = NO;
				DEBUG_INFORMATION_FORMAT = dwarf;
				ENABLE_STRICT_OBJC_MSGSEND = YES;
				ENABLE_TESTABILITY = YES;
				ENABLE_USER_SCRIPT_SANDBOXING = NO;
				GCC_C_LANGUAGE_STANDARD = gnu17;
				GCC_DYNAMIC_NO_PIC = NO;
				GCC_NO_COMMON_BLOCKS = YES;
				GCC_OPTIMIZATION_LEVEL = 0;
				GCC_PREPROCESSOR_DEFINITIONS = (
					"DEBUG=1",
					"$(inherited)",
				);
				GCC_WARN_64_TO_32_BIT_CONVERSION = YES;
				GCC_WARN_ABOUT_RETURN_TYPE = YES_ERROR;
				GCC_WARN_UNDECLARED_SELECTOR = YES;
				GCC_WARN_UNINITIALIZED_AUTOS = YES_AGGRESSIVE;
				GCC_WARN_UNUSED_FUNCTION = YES;
				GCC_WARN_UNUSED_VARIABLE = YES;
				IPHONEOS_DEPLOYMENT_TARGET = 15.0;
				LOCALIZATION_PREFERS_STRING_CATALOGS = YES;
				MTL_ENABLE_DEBUG_INFO = INCLUDE_SOURCE;
				MTL_FAST_MATH = YES;
				ONLY_ACTIVE_ARCH = YES;
				SDKROOT = iphoneos;
				SWIFT_ACTIVE_COMPILATION_CONDITIONS = "DEBUG $(inherited)";
				SWIFT_OPTIMIZATION_LEVEL = "-Onone";
			};
			name = Debug;
		};
		98A500062AD2861E0022AEC0 /* Release */ = {
			isa = XCBuildConfiguration;
			buildSettings = {
				ALWAYS_SEARCH_USER_PATHS = NO;
				ASSETCATALOG_COMPILER_GENERATE_SWIFT_ASSET_SYMBOL_EXTENSIONS = YES;
				CLANG_ANALYZER_NONNULL = YES;
				CLANG_ANALYZER_NUMBER_OBJECT_CONVERSION = YES_AGGRESSIVE;
				CLANG_CXX_LANGUAGE_STANDARD = "gnu++20";
				CLANG_ENABLE_MODULES = YES;
				CLANG_ENABLE_OBJC_ARC = YES;
				CLANG_ENABLE_OBJC_WEAK = YES;
				CLANG_WARN_BLOCK_CAPTURE_AUTORELEASING = YES;
				CLANG_WARN_BOOL_CONVERSION = YES;
				CLANG_WARN_COMMA = YES;
				CLANG_WARN_CONSTANT_CONVERSION = YES;
				CLANG_WARN_DEPRECATED_OBJC_IMPLEMENTATIONS = YES;
				CLANG_WARN_DIRECT_OBJC_ISA_USAGE = YES_ERROR;
				CLANG_WARN_DOCUMENTATION_COMMENTS = YES;
				CLANG_WARN_EMPTY_BODY = YES;
				CLANG_WARN_ENUM_CONVERSION = YES;
				CLANG_WARN_INFINITE_RECURSION = YES;
				CLANG_WARN_INT_CONVERSION = YES;
				CLANG_WARN_NON_LITERAL_NULL_CONVERSION = YES;
				CLANG_WARN_OBJC_IMPLICIT_RETAIN_SELF = YES;
				CLANG_WARN_OBJC_LITERAL_CONVERSION = YES;
				CLANG_WARN_OBJC_ROOT_CLASS = YES_ERROR;
				CLANG_WARN_QUOTED_INCLUDE_IN_FRAMEWORK_HEADER = YES;
				CLANG_WARN_RANGE_LOOP_ANALYSIS = YES;
				CLANG_WARN_STRICT_PROTOTYPES = YES;
				CLANG_WARN_SUSPICIOUS_MOVE = YES;
				CLANG_WARN_UNGUARDED_AVAILABILITY = YES_AGGRESSIVE;
				CLANG_WARN_UNREACHABLE_CODE = YES;
				CLANG_WARN__DUPLICATE_METHOD_MATCH = YES;
				COPY_PHASE_STRIP = NO;
				DEBUG_INFORMATION_FORMAT = "dwarf-with-dsym";
				ENABLE_NS_ASSERTIONS = NO;
				ENABLE_STRICT_OBJC_MSGSEND = YES;
				ENABLE_USER_SCRIPT_SANDBOXING = NO;
				GCC_C_LANGUAGE_STANDARD = gnu17;
				GCC_NO_COMMON_BLOCKS = YES;
				GCC_WARN_64_TO_32_BIT_CONVERSION = YES;
				GCC_WARN_ABOUT_RETURN_TYPE = YES_ERROR;
				GCC_WARN_UNDECLARED_SELECTOR = YES;
				GCC_WARN_UNINITIALIZED_AUTOS = YES_AGGRESSIVE;
				GCC_WARN_UNUSED_FUNCTION = YES;
				GCC_WARN_UNUSED_VARIABLE = YES;
				IPHONEOS_DEPLOYMENT_TARGET = 15.0;
				LOCALIZATION_PREFERS_STRING_CATALOGS = YES;
				MTL_ENABLE_DEBUG_INFO = NO;
				MTL_FAST_MATH = YES;
				SDKROOT = iphoneos;
				SWIFT_COMPILATION_MODE = wholemodule;
				VALIDATE_PRODUCT = YES;
			};
			name = Release;
		};
		98A500082AD2861E0022AEC0 /* Debug */ = {
			isa = XCBuildConfiguration;
			baseConfigurationReference = B75DAFC64B40ACB77418772E /* Pods-PleaseRecipe.debug.xcconfig */;
			buildSettings = {
				ASSETCATALOG_COMPILER_APPICON_NAME = AppIcon;
				ASSETCATALOG_COMPILER_GLOBAL_ACCENT_COLOR_NAME = AccentColor;
				CODE_SIGN_ENTITLEMENTS = PleaseRecipe/PleaseRecipe.entitlements;
				CODE_SIGN_STYLE = Automatic;
				CURRENT_PROJECT_VERSION = 1;
				DEVELOPMENT_TEAM = N6LML762WM;
				GENERATE_INFOPLIST_FILE = YES;
				INFOPLIST_FILE = PleaseRecipe/Info.plist;
				INFOPLIST_KEY_CFBundleDisplayName = "자취레시피";
				INFOPLIST_KEY_LSApplicationCategoryType = "public.app-category.food-and-drink";
				INFOPLIST_KEY_UIApplicationSupportsIndirectInputEvents = YES;
				INFOPLIST_KEY_UILaunchStoryboardName = LaunchScreen;
				INFOPLIST_KEY_UISupportedInterfaceOrientations = UIInterfaceOrientationPortrait;
				INFOPLIST_KEY_UISupportedInterfaceOrientations_iPad = "UIInterfaceOrientationLandscapeLeft UIInterfaceOrientationLandscapeRight UIInterfaceOrientationPortrait UIInterfaceOrientationPortraitUpsideDown";
				INFOPLIST_KEY_UIUserInterfaceStyle = Light;
				IPHONEOS_DEPLOYMENT_TARGET = 15.0;
				LD_RUNPATH_SEARCH_PATHS = (
					"$(inherited)",
					"@executable_path/Frameworks",
				);
				MARKETING_VERSION = 1.0;
				OTHER_LDFLAGS = (
					"$(inherited)",
					"-framework",
					"\"SnapKit\"",
					"-Xlinker",
					"-no_warn_duplicate_libraries",
				);
				PRODUCT_BUNDLE_IDENTIFIER = com.joonyong.PleaseRecipe;
				PRODUCT_NAME = "$(TARGET_NAME)";
				SUPPORTED_PLATFORMS = "iphoneos iphonesimulator";
				SUPPORTS_MACCATALYST = NO;
				SUPPORTS_MAC_DESIGNED_FOR_IPHONE_IPAD = NO;
				SWIFT_EMIT_LOC_STRINGS = YES;
				SWIFT_VERSION = 5.0;
				TARGETED_DEVICE_FAMILY = 1;
			};
			name = Debug;
		};
		98A500092AD2861E0022AEC0 /* Release */ = {
			isa = XCBuildConfiguration;
			baseConfigurationReference = 434D553FF508FC209A4FDF82 /* Pods-PleaseRecipe.release.xcconfig */;
			buildSettings = {
				ASSETCATALOG_COMPILER_APPICON_NAME = AppIcon;
				ASSETCATALOG_COMPILER_GLOBAL_ACCENT_COLOR_NAME = AccentColor;
				CODE_SIGN_ENTITLEMENTS = PleaseRecipe/PleaseRecipe.entitlements;
				CODE_SIGN_STYLE = Automatic;
				CURRENT_PROJECT_VERSION = 1;
				DEVELOPMENT_TEAM = N6LML762WM;
				GENERATE_INFOPLIST_FILE = YES;
				INFOPLIST_FILE = PleaseRecipe/Info.plist;
				INFOPLIST_KEY_CFBundleDisplayName = "자취레시피";
				INFOPLIST_KEY_LSApplicationCategoryType = "public.app-category.food-and-drink";
				INFOPLIST_KEY_UIApplicationSupportsIndirectInputEvents = YES;
				INFOPLIST_KEY_UILaunchStoryboardName = LaunchScreen;
				INFOPLIST_KEY_UISupportedInterfaceOrientations = UIInterfaceOrientationPortrait;
				INFOPLIST_KEY_UISupportedInterfaceOrientations_iPad = "UIInterfaceOrientationLandscapeLeft UIInterfaceOrientationLandscapeRight UIInterfaceOrientationPortrait UIInterfaceOrientationPortraitUpsideDown";
				INFOPLIST_KEY_UIUserInterfaceStyle = Light;
				IPHONEOS_DEPLOYMENT_TARGET = 15.0;
				LD_RUNPATH_SEARCH_PATHS = (
					"$(inherited)",
					"@executable_path/Frameworks",
				);
				MARKETING_VERSION = 1.0;
				OTHER_LDFLAGS = (
					"$(inherited)",
					"-framework",
					"\"SnapKit\"",
					"-Xlinker",
					"-no_warn_duplicate_libraries",
				);
				PRODUCT_BUNDLE_IDENTIFIER = com.joonyong.PleaseRecipe;
				PRODUCT_NAME = "$(TARGET_NAME)";
				SUPPORTED_PLATFORMS = "iphoneos iphonesimulator";
				SUPPORTS_MACCATALYST = NO;
				SUPPORTS_MAC_DESIGNED_FOR_IPHONE_IPAD = NO;
				SWIFT_EMIT_LOC_STRINGS = YES;
				SWIFT_VERSION = 5.0;
				TARGETED_DEVICE_FAMILY = 1;
			};
			name = Release;
		};
/* End XCBuildConfiguration section */

/* Begin XCConfigurationList section */
		98A500072AD2861E0022AEC0 /* Build configuration list for PBXNativeTarget "PleaseRecipe" */ = {
			isa = XCConfigurationList;
			buildConfigurations = (
				98A500082AD2861E0022AEC0 /* Debug */,
				98A500092AD2861E0022AEC0 /* Release */,
			);
			defaultConfigurationIsVisible = 0;
			defaultConfigurationName = Release;
		};
		98A5FFEE2AD2861C0022AEC0 /* Build configuration list for PBXProject "PleaseRecipe" */ = {
			isa = XCConfigurationList;
			buildConfigurations = (
				98A500052AD2861E0022AEC0 /* Debug */,
				98A500062AD2861E0022AEC0 /* Release */,
			);
			defaultConfigurationIsVisible = 0;
			defaultConfigurationName = Release;
		};
/* End XCConfigurationList section */

/* Begin XCRemoteSwiftPackageReference section */
		98B94BAD2AEF994A00DA21A4 /* XCRemoteSwiftPackageReference "firebase-ios-sdk" */ = {
			isa = XCRemoteSwiftPackageReference;
			repositoryURL = "https://github.com/firebase/firebase-ios-sdk";
			requirement = {
				kind = upToNextMajorVersion;
				minimumVersion = 10.16.0;
			};
		};
		98B94BC62AF0E1A400DA21A4 /* XCRemoteSwiftPackageReference "lottie-spm" */ = {
			isa = XCRemoteSwiftPackageReference;
			repositoryURL = "https://github.com/airbnb/lottie-spm.git";
			requirement = {
				kind = upToNextMajorVersion;
				minimumVersion = 4.3.3;
			};
		};
		98BC3F662AEBA5F200447833 /* XCRemoteSwiftPackageReference "SwiftSoup" */ = {
			isa = XCRemoteSwiftPackageReference;
			repositoryURL = "https://github.com/scinfu/SwiftSoup.git";
			requirement = {
				kind = upToNextMajorVersion;
				minimumVersion = 2.6.1;
			};
		};
/* End XCRemoteSwiftPackageReference section */

/* Begin XCSwiftPackageProductDependency section */
		98B94BAE2AEF994A00DA21A4 /* FirebaseAnalytics */ = {
			isa = XCSwiftPackageProductDependency;
			package = 98B94BAD2AEF994A00DA21A4 /* XCRemoteSwiftPackageReference "firebase-ios-sdk" */;
			productName = FirebaseAnalytics;
		};
		98B94BB02AEF994A00DA21A4 /* FirebaseAnalyticsOnDeviceConversion */ = {
			isa = XCSwiftPackageProductDependency;
			package = 98B94BAD2AEF994A00DA21A4 /* XCRemoteSwiftPackageReference "firebase-ios-sdk" */;
			productName = FirebaseAnalyticsOnDeviceConversion;
		};
		98B94BB22AEF994A00DA21A4 /* FirebaseAnalyticsSwift */ = {
			isa = XCSwiftPackageProductDependency;
			package = 98B94BAD2AEF994A00DA21A4 /* XCRemoteSwiftPackageReference "firebase-ios-sdk" */;
			productName = FirebaseAnalyticsSwift;
		};
		98B94BB42AEF994A00DA21A4 /* FirebaseAnalyticsWithoutAdIdSupport */ = {
			isa = XCSwiftPackageProductDependency;
			package = 98B94BAD2AEF994A00DA21A4 /* XCRemoteSwiftPackageReference "firebase-ios-sdk" */;
			productName = FirebaseAnalyticsWithoutAdIdSupport;
		};
		98B94BB62AEF994A00DA21A4 /* FirebaseAppCheck */ = {
			isa = XCSwiftPackageProductDependency;
			package = 98B94BAD2AEF994A00DA21A4 /* XCRemoteSwiftPackageReference "firebase-ios-sdk" */;
			productName = FirebaseAppCheck;
		};
		98B94BC72AF0E1A400DA21A4 /* Lottie */ = {
			isa = XCSwiftPackageProductDependency;
			package = 98B94BC62AF0E1A400DA21A4 /* XCRemoteSwiftPackageReference "lottie-spm" */;
			productName = Lottie;
		};
		98BC3F672AEBA5F200447833 /* SwiftSoup */ = {
			isa = XCSwiftPackageProductDependency;
			package = 98BC3F662AEBA5F200447833 /* XCRemoteSwiftPackageReference "SwiftSoup" */;
			productName = SwiftSoup;
		};
/* End XCSwiftPackageProductDependency section */
	};
	rootObject = 98A5FFEB2AD2861C0022AEC0 /* Project object */;
}
